
Microsoft Visual Studio Solution File, Format Version 12.00
# Visual Studio Version 16
VisualStudioVersion = 16.0.29102.190
MinimumVisualStudioVersion = 10.0.40219.1
Project("{FAE04EC0-301F-11D3-BF4B-00C04F79EFBC}") = "EC1.Lab", "EC1.Lab\EC1.Lab.csproj", "{653B0FDA-2C44-4C3C-B345-E6B99EE94819}"
EndProject
Global
	GlobalSection(SolutionConfigurationPlatforms) = preSolution
		Debug|Any CPU = Debug|Any CPU
		Release|Any CPU = Release|Any CPU
	EndGlobalSection
	GlobalSection(ProjectConfigurationPlatforms) = postSolution
		{653B0FDA-2C44-4C3C-B345-E6B99EE94819}.Debug|Any CPU.ActiveCfg = Debug|Any CPU
		{653B0FDA-2C44-4C3C-B345-E6B99EE94819}.Debug|Any CPU.Build.0 = Debug|Any CPU
		{653B0FDA-2C44-4C3C-B345-E6B99EE94819}.Release|Any CPU.ActiveCfg = Release|Any CPU
		{653B0FDA-2C44-4C3C-B345-E6B99EE94819}.Release|Any CPU.Build.0 = Release|Any CPU
	EndGlobalSection
	GlobalSection(SolutionProperties) = preSolution
		HideSolutionNode = FALSE
	EndGlobalSection
	GlobalSection(ExtensibilityGlobals) = postSolution
		SolutionGuid = {69D63BF5-294D-433B-A497-FA6D2BCF82C5}
	EndGlobalSection
EndGlobal
